
Microsoft Visual Studio Solution File, Format Version 12.00
# Visual Studio 15
VisualStudioVersion = 15.0.28010.2016
MinimumVisualStudioVersion = 10.0.40219.1
Project("{FAE04EC0-301F-11D3-BF4B-00C04F79EFBC}") = "WebScraper", "WebScraper\WebScraper.csproj", "{26131E3E-5CEE-4B4C-A7CB-3718AD87EDB4}"
EndProject
Global
	GlobalSection(SolutionConfigurationPlatforms) = preSolution
		Debug|Any CPU = Debug|Any CPU
		Release|Any CPU = Release|Any CPU
	EndGlobalSection
	GlobalSection(ProjectConfigurationPlatforms) = postSolution
		{26131E3E-5CEE-4B4C-A7CB-3718AD87EDB4}.Debug|Any CPU.ActiveCfg = Debug|Any CPU
		{26131E3E-5CEE-4B4C-A7CB-3718AD87EDB4}.Debug|Any CPU.Build.0 = Debug|Any CPU
		{26131E3E-5CEE-4B4C-A7CB-3718AD87EDB4}.Release|Any CPU.ActiveCfg = Release|Any CPU
		{26131E3E-5CEE-4B4C-A7CB-3718AD87EDB4}.Release|Any CPU.Build.0 = Release|Any CPU
	EndGlobalSection
	GlobalSection(SolutionProperties) = preSolution
		HideSolutionNode = FALSE
	EndGlobalSection
	GlobalSection(ExtensibilityGlobals) = postSolution
		SolutionGuid = {EEA9D58C-15F5-454A-A06E-C995CE437422}
	EndGlobalSection
EndGlobal
